// !$*UTF8*$!
{
	archiveVersion = 1;
	classes = {
	};
	objectVersion = 50;
	objects = {

/* Begin PBXBuildFile section */
		510540E32603A31900CBBB70 /* New_ID_Recommendation.cpp in Sources */ = {isa = PBXBuildFile; fileRef = 510540E22603A31900CBBB70 /* New_ID_Recommendation.cpp */; };
		510540E62603B76300CBBB70 /* K's Number.cpp in Sources */ = {isa = PBXBuildFile; fileRef = 510540E52603B76300CBBB70 /* K's Number.cpp */; };
		5108A1ED260496F1001C1B24 /* Phoneketmon.cpp in Sources */ = {isa = PBXBuildFile; fileRef = 5108A1EC260496F1001C1B24 /* Phoneketmon.cpp */; };
		5108A1F026049733001C1B24 /* Gem_Shopping.cpp in Sources */ = {isa = PBXBuildFile; fileRef = 5108A1EF26049733001C1B24 /* Gem_Shopping.cpp */; };
		516A6BB625F8D28E00625640 /* SpeedTrap.cpp in Sources */ = {isa = PBXBuildFile; fileRef = 516A6BB525F8D28E00625640 /* SpeedTrap.cpp */; };
		517394D825F8631B005D62CF /* main.cpp in Sources */ = {isa = PBXBuildFile; fileRef = 517394D725F8631B005D62CF /* main.cpp */; };
		517394DF25F863A0005D62CF /* Features_Development.cpp in Sources */ = {isa = PBXBuildFile; fileRef = 517394DE25F863A0005D62CF /* Features_Development.cpp */; };
		517394E325F87E38005D62CF /* H_Index.cpp in Sources */ = {isa = PBXBuildFile; fileRef = 517394E225F87E38005D62CF /* H_Index.cpp */; };
		517394E625F8B318005D62CF /* BFS.cpp in Sources */ = {isa = PBXBuildFile; fileRef = 517394E525F8B318005D62CF /* BFS.cpp */; };
		5193A30325FA08BE001F5355 /* Integer_Triangle.cpp in Sources */ = {isa = PBXBuildFile; fileRef = 5193A30225FA08BE001F5355 /* Integer_Triangle.cpp */; };
		5193A30625FA3CB5001F5355 /* More_Spicy.cpp in Sources */ = {isa = PBXBuildFile; fileRef = 5193A30525FA3CB5001F5355 /* More_Spicy.cpp */; };
		51B21AB326008C15003E71F3 /* ChooseTwoNumber.cpp in Sources */ = {isa = PBXBuildFile; fileRef = 51B21AB226008C15003E71F3 /* ChooseTwoNumber.cpp */; };
		51ED760E25FF592100BD4E66 /* String_Handling.cpp in Sources */ = {isa = PBXBuildFile; fileRef = 51ED760D25FF592100BD4E66 /* String_Handling.cpp */; };
/* End PBXBuildFile section */

/* Begin PBXCopyFilesBuildPhase section */
		517394D225F8631B005D62CF /* CopyFiles */ = {
			isa = PBXCopyFilesBuildPhase;
			buildActionMask = 2147483647;
			dstPath = /usr/share/man/man1/;
			dstSubfolderSpec = 0;
			files = (
			);
			runOnlyForDeploymentPostprocessing = 1;
		};
/* End PBXCopyFilesBuildPhase section */

/* Begin PBXFileReference section */
		510540E12603A31900CBBB70 /* New_ID_Recommendation.h */ = {isa = PBXFileReference; lastKnownFileType = sourcecode.c.h; path = New_ID_Recommendation.h; sourceTree = "<group>"; };
		510540E22603A31900CBBB70 /* New_ID_Recommendation.cpp */ = {isa = PBXFileReference; lastKnownFileType = sourcecode.cpp.cpp; path = New_ID_Recommendation.cpp; sourceTree = "<group>"; };
		510540E42603B76300CBBB70 /* K's Number.h */ = {isa = PBXFileReference; lastKnownFileType = sourcecode.c.h; path = "K's Number.h"; sourceTree = "<group>"; };
		510540E52603B76300CBBB70 /* K's Number.cpp */ = {isa = PBXFileReference; lastKnownFileType = sourcecode.cpp.cpp; path = "K's Number.cpp"; sourceTree = "<group>"; };
		5108A1EB260496F1001C1B24 /* Phoneketmon.h */ = {isa = PBXFileReference; fileEncoding = 4; lastKnownFileType = sourcecode.c.h; path = Phoneketmon.h; sourceTree = "<group>"; };
		5108A1EC260496F1001C1B24 /* Phoneketmon.cpp */ = {isa = PBXFileReference; fileEncoding = 4; lastKnownFileType = sourcecode.cpp.cpp; path = Phoneketmon.cpp; sourceTree = "<group>"; };
		5108A1EE26049733001C1B24 /* Gem_Shopping.h */ = {isa = PBXFileReference; lastKnownFileType = sourcecode.c.h; path = Gem_Shopping.h; sourceTree = "<group>"; };
		5108A1EF26049733001C1B24 /* Gem_Shopping.cpp */ = {isa = PBXFileReference; lastKnownFileType = sourcecode.cpp.cpp; path = Gem_Shopping.cpp; sourceTree = "<group>"; };
		516A6BB425F8D28E00625640 /* SpeedTrap.h */ = {isa = PBXFileReference; lastKnownFileType = sourcecode.c.h; path = SpeedTrap.h; sourceTree = "<group>"; };
		516A6BB525F8D28E00625640 /* SpeedTrap.cpp */ = {isa = PBXFileReference; lastKnownFileType = sourcecode.cpp.cpp; path = SpeedTrap.cpp; sourceTree = "<group>"; };
		517394D425F8631B005D62CF /* Programmers_CodingTest */ = {isa = PBXFileReference; explicitFileType = "compiled.mach-o.executable"; includeInIndex = 0; path = Programmers_CodingTest; sourceTree = BUILT_PRODUCTS_DIR; };
		517394D725F8631B005D62CF /* main.cpp */ = {isa = PBXFileReference; lastKnownFileType = sourcecode.cpp.cpp; path = main.cpp; sourceTree = "<group>"; };
		517394DE25F863A0005D62CF /* Features_Development.cpp */ = {isa = PBXFileReference; lastKnownFileType = sourcecode.cpp.cpp; path = Features_Development.cpp; sourceTree = "<group>"; };
		517394E025F86991005D62CF /* Features_Development.h */ = {isa = PBXFileReference; lastKnownFileType = sourcecode.c.h; path = Features_Development.h; sourceTree = "<group>"; };
		517394E125F87E38005D62CF /* H_Index.h */ = {isa = PBXFileReference; lastKnownFileType = sourcecode.c.h; path = H_Index.h; sourceTree = "<group>"; };
		517394E225F87E38005D62CF /* H_Index.cpp */ = {isa = PBXFileReference; lastKnownFileType = sourcecode.cpp.cpp; path = H_Index.cpp; sourceTree = "<group>"; };
		517394E425F8B318005D62CF /* BFS.h */ = {isa = PBXFileReference; lastKnownFileType = sourcecode.c.h; path = BFS.h; sourceTree = "<group>"; };
		517394E525F8B318005D62CF /* BFS.cpp */ = {isa = PBXFileReference; lastKnownFileType = sourcecode.cpp.cpp; path = BFS.cpp; sourceTree = "<group>"; };
		5193A30125FA08BE001F5355 /* Integer_Triangle.h */ = {isa = PBXFileReference; lastKnownFileType = sourcecode.c.h; path = Integer_Triangle.h; sourceTree = "<group>"; };
		5193A30225FA08BE001F5355 /* Integer_Triangle.cpp */ = {isa = PBXFileReference; lastKnownFileType = sourcecode.cpp.cpp; path = Integer_Triangle.cpp; sourceTree = "<group>"; };
		5193A30425FA3CB5001F5355 /* More_Spicy.h */ = {isa = PBXFileReference; lastKnownFileType = sourcecode.c.h; path = More_Spicy.h; sourceTree = "<group>"; };
		5193A30525FA3CB5001F5355 /* More_Spicy.cpp */ = {isa = PBXFileReference; lastKnownFileType = sourcecode.cpp.cpp; path = More_Spicy.cpp; sourceTree = "<group>"; };
		51B21AB126008C15003E71F3 /* ChooseTwoNumber.h */ = {isa = PBXFileReference; lastKnownFileType = sourcecode.c.h; path = ChooseTwoNumber.h; sourceTree = "<group>"; };
		51B21AB226008C15003E71F3 /* ChooseTwoNumber.cpp */ = {isa = PBXFileReference; lastKnownFileType = sourcecode.cpp.cpp; path = ChooseTwoNumber.cpp; sourceTree = "<group>"; };
		51ED760C25FF592100BD4E66 /* String_Handling.h */ = {isa = PBXFileReference; lastKnownFileType = sourcecode.c.h; path = String_Handling.h; sourceTree = "<group>"; };
		51ED760D25FF592100BD4E66 /* String_Handling.cpp */ = {isa = PBXFileReference; lastKnownFileType = sourcecode.cpp.cpp; path = String_Handling.cpp; sourceTree = "<group>"; };
/* End PBXFileReference section */

/* Begin PBXFrameworksBuildPhase section */
		517394D125F8631B005D62CF /* Frameworks */ = {
			isa = PBXFrameworksBuildPhase;
			buildActionMask = 2147483647;
			files = (
			);
			runOnlyForDeploymentPostprocessing = 0;
		};
/* End PBXFrameworksBuildPhase section */

/* Begin PBXGroup section */
		517394CB25F8631B005D62CF = {
			isa = PBXGroup;
			children = (
				517394D625F8631B005D62CF /* Programmers_CodingTest */,
				517394D525F8631B005D62CF /* Products */,
			);
			sourceTree = "<group>";
		};
		517394D525F8631B005D62CF /* Products */ = {
			isa = PBXGroup;
			children = (
				517394D425F8631B005D62CF /* Programmers_CodingTest */,
			);
			name = Products;
			sourceTree = "<group>";
		};
		517394D625F8631B005D62CF /* Programmers_CodingTest */ = {
			isa = PBXGroup;
			children = (
				5108A1EC260496F1001C1B24 /* Phoneketmon.cpp */,
				5108A1EB260496F1001C1B24 /* Phoneketmon.h */,
				517394D725F8631B005D62CF /* main.cpp */,
				5108A1EE26049733001C1B24 /* Gem_Shopping.h */,
				5108A1EF26049733001C1B24 /* Gem_Shopping.cpp */,
				510540E42603B76300CBBB70 /* K's Number.h */,
				510540E52603B76300CBBB70 /* K's Number.cpp */,
				510540E12603A31900CBBB70 /* New_ID_Recommendation.h */,
				510540E22603A31900CBBB70 /* New_ID_Recommendation.cpp */,
				516A6BB425F8D28E00625640 /* SpeedTrap.h */,
				516A6BB525F8D28E00625640 /* SpeedTrap.cpp */,
				5193A30125FA08BE001F5355 /* Integer_Triangle.h */,
				5193A30225FA08BE001F5355 /* Integer_Triangle.cpp */,
				51ED760C25FF592100BD4E66 /* String_Handling.h */,
				51ED760D25FF592100BD4E66 /* String_Handling.cpp */,
				51B21AB126008C15003E71F3 /* ChooseTwoNumber.h */,
				51B21AB226008C15003E71F3 /* ChooseTwoNumber.cpp */,
				5193A30425FA3CB5001F5355 /* More_Spicy.h */,
				5193A30525FA3CB5001F5355 /* More_Spicy.cpp */,
				517394E425F8B318005D62CF /* BFS.h */,
				517394E525F8B318005D62CF /* BFS.cpp */,
				517394DE25F863A0005D62CF /* Features_Development.cpp */,
				517394E025F86991005D62CF /* Features_Development.h */,
				517394E125F87E38005D62CF /* H_Index.h */,
				517394E225F87E38005D62CF /* H_Index.cpp */,
			);
			path = Programmers_CodingTest;
			sourceTree = "<group>";
		};
/* End PBXGroup section */

/* Begin PBXNativeTarget section */
		517394D325F8631B005D62CF /* Programmers_CodingTest */ = {
			isa = PBXNativeTarget;
			buildConfigurationList = 517394DB25F8631B005D62CF /* Build configuration list for PBXNativeTarget "Programmers_CodingTest" */;
			buildPhases = (
				517394D025F8631B005D62CF /* Sources */,
				517394D125F8631B005D62CF /* Frameworks */,
				517394D225F8631B005D62CF /* CopyFiles */,
			);
			buildRules = (
			);
			dependencies = (
			);
			name = Programmers_CodingTest;
			productName = Programmers_CodingTest;
			productReference = 517394D425F8631B005D62CF /* Programmers_CodingTest */;
			productType = "com.apple.product-type.tool";
		};
/* End PBXNativeTarget section */

/* Begin PBXProject section */
		517394CC25F8631B005D62CF /* Project object */ = {
			isa = PBXProject;
			attributes = {
				LastUpgradeCheck = 1130;
				ORGANIZATIONNAME = kyw;
				TargetAttributes = {
					517394D325F8631B005D62CF = {
						CreatedOnToolsVersion = 11.3;
					};
				};
			};
			buildConfigurationList = 517394CF25F8631B005D62CF /* Build configuration list for PBXProject "Programmers_CodingTest" */;
			compatibilityVersion = "Xcode 9.3";
			developmentRegion = en;
			hasScannedForEncodings = 0;
			knownRegions = (
				en,
				Base,
			);
			mainGroup = 517394CB25F8631B005D62CF;
			productRefGroup = 517394D525F8631B005D62CF /* Products */;
			projectDirPath = "";
			projectRoot = "";
			targets = (
				517394D325F8631B005D62CF /* Programmers_CodingTest */,
			);
		};
/* End PBXProject section */

/* Begin PBXSourcesBuildPhase section */
		517394D025F8631B005D62CF /* Sources */ = {
			isa = PBXSourcesBuildPhase;
			buildActionMask = 2147483647;
			files = (
				5108A1ED260496F1001C1B24 /* Phoneketmon.cpp in Sources */,
				5193A30325FA08BE001F5355 /* Integer_Triangle.cpp in Sources */,
				5108A1F026049733001C1B24 /* Gem_Shopping.cpp in Sources */,
				51B21AB326008C15003E71F3 /* ChooseTwoNumber.cpp in Sources */,
				517394DF25F863A0005D62CF /* Features_Development.cpp in Sources */,
				516A6BB625F8D28E00625640 /* SpeedTrap.cpp in Sources */,
				517394D825F8631B005D62CF /* main.cpp in Sources */,
				5193A30625FA3CB5001F5355 /* More_Spicy.cpp in Sources */,
				517394E325F87E38005D62CF /* H_Index.cpp in Sources */,
				517394E625F8B318005D62CF /* BFS.cpp in Sources */,
				510540E32603A31900CBBB70 /* New_ID_Recommendation.cpp in Sources */,
				51ED760E25FF592100BD4E66 /* String_Handling.cpp in Sources */,
				510540E62603B76300CBBB70 /* K's Number.cpp in Sources */,
			);
			runOnlyForDeploymentPostprocessing = 0;
		};
/* End PBXSourcesBuildPhase section */

/* Begin XCBuildConfiguration section */
		517394D925F8631B005D62CF /* Debug */ = {
			isa = XCBuildConfiguration;
			buildSettings = {
				ALWAYS_SEARCH_USER_PATHS = NO;
				CLANG_ANALYZER_NONNULL = YES;
				CLANG_ANALYZER_NUMBER_OBJECT_CONVERSION = YES_AGGRESSIVE;
				CLANG_CXX_LANGUAGE_STANDARD = "gnu++14";
				CLANG_CXX_LIBRARY = "libc++";
				CLANG_ENABLE_MODULES = YES;
				CLANG_ENABLE_OBJC_ARC = YES;
				CLANG_ENABLE_OBJC_WEAK = YES;
				CLANG_WARN_BLOCK_CAPTURE_AUTORELEASING = YES;
				CLANG_WARN_BOOL_CONVERSION = YES;
				CLANG_WARN_COMMA = YES;
				CLANG_WARN_CONSTANT_CONVERSION = YES;
				CLANG_WARN_DEPRECATED_OBJC_IMPLEMENTATIONS = YES;
				CLANG_WARN_DIRECT_OBJC_ISA_USAGE = YES_ERROR;
				CLANG_WARN_DOCUMENTATION_COMMENTS = YES;
				CLANG_WARN_EMPTY_BODY = YES;
				CLANG_WARN_ENUM_CONVERSION = YES;
				CLANG_WARN_INFINITE_RECURSION = YES;
				CLANG_WARN_INT_CONVERSION = YES;
				CLANG_WARN_NON_LITERAL_NULL_CONVERSION = YES;
				CLANG_WARN_OBJC_IMPLICIT_RETAIN_SELF = YES;
				CLANG_WARN_OBJC_LITERAL_CONVERSION = YES;
				CLANG_WARN_OBJC_ROOT_CLASS = YES_ERROR;
				CLANG_WARN_RANGE_LOOP_ANALYSIS = YES;
				CLANG_WARN_STRICT_PROTOTYPES = YES;
				CLANG_WARN_SUSPICIOUS_MOVE = YES;
				CLANG_WARN_UNGUARDED_AVAILABILITY = YES_AGGRESSIVE;
				CLANG_WARN_UNREACHABLE_CODE = YES;
				CLANG_WARN__DUPLICATE_METHOD_MATCH = YES;
				COPY_PHASE_STRIP = NO;
				DEBUG_INFORMATION_FORMAT = dwarf;
				ENABLE_STRICT_OBJC_MSGSEND = YES;
				ENABLE_TESTABILITY = YES;
				GCC_C_LANGUAGE_STANDARD = gnu11;
				GCC_DYNAMIC_NO_PIC = NO;
				GCC_NO_COMMON_BLOCKS = YES;
				GCC_OPTIMIZATION_LEVEL = 0;
				GCC_PREPROCESSOR_DEFINITIONS = (
					"DEBUG=1",
					"$(inherited)",
				);
				GCC_WARN_64_TO_32_BIT_CONVERSION = YES;
				GCC_WARN_ABOUT_RETURN_TYPE = YES_ERROR;
				GCC_WARN_UNDECLARED_SELECTOR = YES;
				GCC_WARN_UNINITIALIZED_AUTOS = YES_AGGRESSIVE;
				GCC_WARN_UNUSED_FUNCTION = YES;
				GCC_WARN_UNUSED_VARIABLE = YES;
				MACOSX_DEPLOYMENT_TARGET = 10.14;
				MTL_ENABLE_DEBUG_INFO = INCLUDE_SOURCE;
				MTL_FAST_MATH = YES;
				ONLY_ACTIVE_ARCH = YES;
				SDKROOT = macosx;
			};
			name = Debug;
		};
		517394DA25F8631B005D62CF /* Release */ = {
			isa = XCBuildConfiguration;
			buildSettings = {
				ALWAYS_SEARCH_USER_PATHS = NO;
				CLANG_ANALYZER_NONNULL = YES;
				CLANG_ANALYZER_NUMBER_OBJECT_CONVERSION = YES_AGGRESSIVE;
				CLANG_CXX_LANGUAGE_STANDARD = "gnu++14";
				CLANG_CXX_LIBRARY = "libc++";
				CLANG_ENABLE_MODULES = YES;
				CLANG_ENABLE_OBJC_ARC = YES;
				CLANG_ENABLE_OBJC_WEAK = YES;
				CLANG_WARN_BLOCK_CAPTURE_AUTORELEASING = YES;
				CLANG_WARN_BOOL_CONVERSION = YES;
				CLANG_WARN_COMMA = YES;
				CLANG_WARN_CONSTANT_CONVERSION = YES;
				CLANG_WARN_DEPRECATED_OBJC_IMPLEMENTATIONS = YES;
				CLANG_WARN_DIRECT_OBJC_ISA_USAGE = YES_ERROR;
				CLANG_WARN_DOCUMENTATION_COMMENTS = YES;
				CLANG_WARN_EMPTY_BODY = YES;
				CLANG_WARN_ENUM_CONVERSION = YES;
				CLANG_WARN_INFINITE_RECURSION = YES;
				CLANG_WARN_INT_CONVERSION = YES;
				CLANG_WARN_NON_LITERAL_NULL_CONVERSION = YES;
				CLANG_WARN_OBJC_IMPLICIT_RETAIN_SELF = YES;
				CLANG_WARN_OBJC_LITERAL_CONVERSION = YES;
				CLANG_WARN_OBJC_ROOT_CLASS = YES_ERROR;
				CLANG_WARN_RANGE_LOOP_ANALYSIS = YES;
				CLANG_WARN_STRICT_PROTOTYPES = YES;
				CLANG_WARN_SUSPICIOUS_MOVE = YES;
				CLANG_WARN_UNGUARDED_AVAILABILITY = YES_AGGRESSIVE;
				CLANG_WARN_UNREACHABLE_CODE = YES;
				CLANG_WARN__DUPLICATE_METHOD_MATCH = YES;
				COPY_PHASE_STRIP = NO;
				DEBUG_INFORMATION_FORMAT = "dwarf-with-dsym";
				ENABLE_NS_ASSERTIONS = NO;
				ENABLE_STRICT_OBJC_MSGSEND = YES;
				GCC_C_LANGUAGE_STANDARD = gnu11;
				GCC_NO_COMMON_BLOCKS = YES;
				GCC_WARN_64_TO_32_BIT_CONVERSION = YES;
				GCC_WARN_ABOUT_RETURN_TYPE = YES_ERROR;
				GCC_WARN_UNDECLARED_SELECTOR = YES;
				GCC_WARN_UNINITIALIZED_AUTOS = YES_AGGRESSIVE;
				GCC_WARN_UNUSED_FUNCTION = YES;
				GCC_WARN_UNUSED_VARIABLE = YES;
				MACOSX_DEPLOYMENT_TARGET = 10.14;
				MTL_ENABLE_DEBUG_INFO = NO;
				MTL_FAST_MATH = YES;
				SDKROOT = macosx;
			};
			name = Release;
		};
		517394DC25F8631B005D62CF /* Debug */ = {
			isa = XCBuildConfiguration;
			buildSettings = {
				CLANG_CXX_LANGUAGE_STANDARD = "c++17";
				CODE_SIGN_STYLE = Automatic;
				PRODUCT_NAME = "$(TARGET_NAME)";
			};
			name = Debug;
		};
		517394DD25F8631B005D62CF /* Release */ = {
			isa = XCBuildConfiguration;
			buildSettings = {
				CLANG_CXX_LANGUAGE_STANDARD = "c++17";
				CODE_SIGN_STYLE = Automatic;
				PRODUCT_NAME = "$(TARGET_NAME)";
			};
			name = Release;
		};
/* End XCBuildConfiguration section */

/* Begin XCConfigurationList section */
		517394CF25F8631B005D62CF /* Build configuration list for PBXProject "Programmers_CodingTest" */ = {
			isa = XCConfigurationList;
			buildConfigurations = (
				517394D925F8631B005D62CF /* Debug */,
				517394DA25F8631B005D62CF /* Release */,
			);
			defaultConfigurationIsVisible = 0;
			defaultConfigurationName = Release;
		};
		517394DB25F8631B005D62CF /* Build configuration list for PBXNativeTarget "Programmers_CodingTest" */ = {
			isa = XCConfigurationList;
			buildConfigurations = (
				517394DC25F8631B005D62CF /* Debug */,
				517394DD25F8631B005D62CF /* Release */,
			);
			defaultConfigurationIsVisible = 0;
			defaultConfigurationName = Release;
		};
/* End XCConfigurationList section */
	};
	rootObject = 517394CC25F8631B005D62CF /* Project object */;
}
